// !$*UTF8*$!
{
	archiveVersion = 1;
	classes = {
	};
	objectVersion = 50;
	objects = {

/* Begin PBXBuildFile section */
		F157E31523B7642000C06F4B /* AppDelegate.swift in Sources */ = {isa = PBXBuildFile; fileRef = F157E31423B7642000C06F4B /* AppDelegate.swift */; };
		F157E31723B7642000C06F4B /* SceneDelegate.swift in Sources */ = {isa = PBXBuildFile; fileRef = F157E31623B7642000C06F4B /* SceneDelegate.swift */; };
		F157E31923B7642000C06F4B /* ViewController.swift in Sources */ = {isa = PBXBuildFile; fileRef = F157E31823B7642000C06F4B /* ViewController.swift */; };
		F157E31C23B7642000C06F4B /* Main.storyboard in Resources */ = {isa = PBXBuildFile; fileRef = F157E31A23B7642000C06F4B /* Main.storyboard */; };
		F157E31F23B7642000C06F4B /* MusicStore.xcdatamodeld in Sources */ = {isa = PBXBuildFile; fileRef = F157E31D23B7642000C06F4B /* MusicStore.xcdatamodeld */; };
		F157E32123B7643300C06F4B /* Assets.xcassets in Resources */ = {isa = PBXBuildFile; fileRef = F157E32023B7643300C06F4B /* Assets.xcassets */; };
		F157E32423B7643300C06F4B /* LaunchScreen.storyboard in Resources */ = {isa = PBXBuildFile; fileRef = F157E32223B7643300C06F4B /* LaunchScreen.storyboard */; };
		F157E32F23B7643300C06F4B /* MusicStoreTests.swift in Sources */ = {isa = PBXBuildFile; fileRef = F157E32E23B7643300C06F4B /* MusicStoreTests.swift */; };
		F157E33A23B7643300C06F4B /* MusicStoreUITests.swift in Sources */ = {isa = PBXBuildFile; fileRef = F157E33923B7643300C06F4B /* MusicStoreUITests.swift */; };
/* End PBXBuildFile section */

/* Begin PBXContainerItemProxy section */
		F157E32B23B7643300C06F4B /* PBXContainerItemProxy */ = {
			isa = PBXContainerItemProxy;
			containerPortal = F157E30923B7642000C06F4B /* Project object */;
			proxyType = 1;
			remoteGlobalIDString = F157E31023B7642000C06F4B;
			remoteInfo = MusicStore;
		};
		F157E33623B7643300C06F4B /* PBXContainerItemProxy */ = {
			isa = PBXContainerItemProxy;
			containerPortal = F157E30923B7642000C06F4B /* Project object */;
			proxyType = 1;
			remoteGlobalIDString = F157E31023B7642000C06F4B;
			remoteInfo = MusicStore;
		};
/* End PBXContainerItemProxy section */

/* Begin PBXFileReference section */
		F157E31123B7642000C06F4B /* MusicStore.app */ = {isa = PBXFileReference; explicitFileType = wrapper.application; includeInIndex = 0; path = MusicStore.app; sourceTree = BUILT_PRODUCTS_DIR; };
		F157E31423B7642000C06F4B /* AppDelegate.swift */ = {isa = PBXFileReference; lastKnownFileType = sourcecode.swift; path = AppDelegate.swift; sourceTree = "<group>"; };
		F157E31623B7642000C06F4B /* SceneDelegate.swift */ = {isa = PBXFileReference; lastKnownFileType = sourcecode.swift; path = SceneDelegate.swift; sourceTree = "<group>"; };
		F157E31823B7642000C06F4B /* ViewController.swift */ = {isa = PBXFileReference; lastKnownFileType = sourcecode.swift; path = ViewController.swift; sourceTree = "<group>"; };
		F157E31B23B7642000C06F4B /* Base */ = {isa = PBXFileReference; lastKnownFileType = file.storyboard; name = Base; path = Base.lproj/Main.storyboard; sourceTree = "<group>"; };
		F157E31E23B7642000C06F4B /* MusicStore.xcdatamodel */ = {isa = PBXFileReference; lastKnownFileType = wrapper.xcdatamodel; path = MusicStore.xcdatamodel; sourceTree = "<group>"; };
		F157E32023B7643300C06F4B /* Assets.xcassets */ = {isa = PBXFileReference; lastKnownFileType = folder.assetcatalog; path = Assets.xcassets; sourceTree = "<group>"; };
		F157E32323B7643300C06F4B /* Base */ = {isa = PBXFileReference; lastKnownFileType = file.storyboard; name = Base; path = Base.lproj/LaunchScreen.storyboard; sourceTree = "<group>"; };
		F157E32523B7643300C06F4B /* Info.plist */ = {isa = PBXFileReference; lastKnownFileType = text.plist.xml; path = Info.plist; sourceTree = "<group>"; };
		F157E32A23B7643300C06F4B /* MusicStoreTests.xctest */ = {isa = PBXFileReference; explicitFileType = wrapper.cfbundle; includeInIndex = 0; path = MusicStoreTests.xctest; sourceTree = BUILT_PRODUCTS_DIR; };
		F157E32E23B7643300C06F4B /* MusicStoreTests.swift */ = {isa = PBXFileReference; lastKnownFileType = sourcecode.swift; path = MusicStoreTests.swift; sourceTree = "<group>"; };
		F157E33023B7643300C06F4B /* Info.plist */ = {isa = PBXFileReference; lastKnownFileType = text.plist.xml; path = Info.plist; sourceTree = "<group>"; };
		F157E33523B7643300C06F4B /* MusicStoreUITests.xctest */ = {isa = PBXFileReference; explicitFileType = wrapper.cfbundle; includeInIndex = 0; path = MusicStoreUITests.xctest; sourceTree = BUILT_PRODUCTS_DIR; };
		F157E33923B7643300C06F4B /* MusicStoreUITests.swift */ = {isa = PBXFileReference; lastKnownFileType = sourcecode.swift; path = MusicStoreUITests.swift; sourceTree = "<group>"; };
		F157E33B23B7643300C06F4B /* Info.plist */ = {isa = PBXFileReference; lastKnownFileType = text.plist.xml; path = Info.plist; sourceTree = "<group>"; };
/* End PBXFileReference section */

/* Begin PBXFrameworksBuildPhase section */
		F157E30E23B7642000C06F4B /* Frameworks */ = {
			isa = PBXFrameworksBuildPhase;
			buildActionMask = 2147483647;
			files = (
			);
			runOnlyForDeploymentPostprocessing = 0;
		};
		F157E32723B7643300C06F4B /* Frameworks */ = {
			isa = PBXFrameworksBuildPhase;
			buildActionMask = 2147483647;
			files = (
			);
			runOnlyForDeploymentPostprocessing = 0;
		};
		F157E33223B7643300C06F4B /* Frameworks */ = {
			isa = PBXFrameworksBuildPhase;
			buildActionMask = 2147483647;
			files = (
			);
			runOnlyForDeploymentPostprocessing = 0;
		};
/* End PBXFrameworksBuildPhase section */

/* Begin PBXGroup section */
		F157E30823B7642000C06F4B = {
			isa = PBXGroup;
			children = (
				F157E31323B7642000C06F4B /* MusicStore */,
				F157E32D23B7643300C06F4B /* MusicStoreTests */,
				F157E33823B7643300C06F4B /* MusicStoreUITests */,
				F157E31223B7642000C06F4B /* Products */,
			);
			sourceTree = "<group>";
		};
		F157E31223B7642000C06F4B /* Products */ = {
			isa = PBXGroup;
			children = (
				F157E31123B7642000C06F4B /* MusicStore.app */,
				F157E32A23B7643300C06F4B /* MusicStoreTests.xctest */,
				F157E33523B7643300C06F4B /* MusicStoreUITests.xctest */,
			);
			name = Products;
			sourceTree = "<group>";
		};
		F157E31323B7642000C06F4B /* MusicStore */ = {
			isa = PBXGroup;
			children = (
				F157E31423B7642000C06F4B /* AppDelegate.swift */,
				F157E31623B7642000C06F4B /* SceneDelegate.swift */,
				F157E31823B7642000C06F4B /* ViewController.swift */,
				F157E31A23B7642000C06F4B /* Main.storyboard */,
				F157E32023B7643300C06F4B /* Assets.xcassets */,
				F157E32223B7643300C06F4B /* LaunchScreen.storyboard */,
				F157E32523B7643300C06F4B /* Info.plist */,
				F157E31D23B7642000C06F4B /* MusicStore.xcdatamodeld */,
			);
			path = MusicStore;
			sourceTree = "<group>";
		};
		F157E32D23B7643300C06F4B /* MusicStoreTests */ = {
			isa = PBXGroup;
			children = (
				F157E32E23B7643300C06F4B /* MusicStoreTests.swift */,
				F157E33023B7643300C06F4B /* Info.plist */,
			);
			path = MusicStoreTests;
			sourceTree = "<group>";
		};
		F157E33823B7643300C06F4B /* MusicStoreUITests */ = {
			isa = PBXGroup;
			children = (
				F157E33923B7643300C06F4B /* MusicStoreUITests.swift */,
				F157E33B23B7643300C06F4B /* Info.plist */,
			);
			path = MusicStoreUITests;
			sourceTree = "<group>";
		};
/* End PBXGroup section */

/* Begin PBXNativeTarget section */
		F157E31023B7642000C06F4B /* MusicStore */ = {
			isa = PBXNativeTarget;
			buildConfigurationList = F157E33E23B7643300C06F4B /* Build configuration list for PBXNativeTarget "MusicStore" */;
			buildPhases = (
				F157E30D23B7642000C06F4B /* Sources */,
				F157E30E23B7642000C06F4B /* Frameworks */,
				F157E30F23B7642000C06F4B /* Resources */,
			);
			buildRules = (
			);
			dependencies = (
			);
			name = MusicStore;
			productName = MusicStore;
			productReference = F157E31123B7642000C06F4B /* MusicStore.app */;
			productType = "com.apple.product-type.application";
		};
		F157E32923B7643300C06F4B /* MusicStoreTests */ = {
			isa = PBXNativeTarget;
			buildConfigurationList = F157E34123B7643300C06F4B /* Build configuration list for PBXNativeTarget "MusicStoreTests" */;
			buildPhases = (
				F157E32623B7643300C06F4B /* Sources */,
				F157E32723B7643300C06F4B /* Frameworks */,
				F157E32823B7643300C06F4B /* Resources */,
			);
			buildRules = (
			);
			dependencies = (
				F157E32C23B7643300C06F4B /* PBXTargetDependency */,
			);
			name = MusicStoreTests;
			productName = MusicStoreTests;
			productReference = F157E32A23B7643300C06F4B /* MusicStoreTests.xctest */;
			productType = "com.apple.product-type.bundle.unit-test";
		};
		F157E33423B7643300C06F4B /* MusicStoreUITests */ = {
			isa = PBXNativeTarget;
			buildConfigurationList = F157E34423B7643300C06F4B /* Build configuration list for PBXNativeTarget "MusicStoreUITests" */;
			buildPhases = (
				F157E33123B7643300C06F4B /* Sources */,
				F157E33223B7643300C06F4B /* Frameworks */,
				F157E33323B7643300C06F4B /* Resources */,
			);
			buildRules = (
			);
			dependencies = (
				F157E33723B7643300C06F4B /* PBXTargetDependency */,
			);
			name = MusicStoreUITests;
			productName = MusicStoreUITests;
			productReference = F157E33523B7643300C06F4B /* MusicStoreUITests.xctest */;
			productType = "com.apple.product-type.bundle.ui-testing";
		};
/* End PBXNativeTarget section */

/* Begin PBXProject section */
		F157E30923B7642000C06F4B /* Project object */ = {
			isa = PBXProject;
			attributes = {
				LastSwiftUpdateCheck = 1130;
				LastUpgradeCheck = 1130;
				ORGANIZATIONNAME = RNSS;
				TargetAttributes = {
					F157E31023B7642000C06F4B = {
						CreatedOnToolsVersion = 11.3;
					};
					F157E32923B7643300C06F4B = {
						CreatedOnToolsVersion = 11.3;
						TestTargetID = F157E31023B7642000C06F4B;
					};
					F157E33423B7643300C06F4B = {
						CreatedOnToolsVersion = 11.3;
						TestTargetID = F157E31023B7642000C06F4B;
					};
				};
			};
			buildConfigurationList = F157E30C23B7642000C06F4B /* Build configuration list for PBXProject "MusicStore" */;
			compatibilityVersion = "Xcode 9.3";
			developmentRegion = en;
			hasScannedForEncodings = 0;
			knownRegions = (
				en,
				Base,
			);
			mainGroup = F157E30823B7642000C06F4B;
			productRefGroup = F157E31223B7642000C06F4B /* Products */;
			projectDirPath = "";
			projectRoot = "";
			targets = (
				F157E31023B7642000C06F4B /* MusicStore */,
				F157E32923B7643300C06F4B /* MusicStoreTests */,
				F157E33423B7643300C06F4B /* MusicStoreUITests */,
			);
		};
/* End PBXProject section */

/* Begin PBXResourcesBuildPhase section */
		F157E30F23B7642000C06F4B /* Resources */ = {
			isa = PBXResourcesBuildPhase;
			buildActionMask = 2147483647;
			files = (
				F157E32423B7643300C06F4B /* LaunchScreen.storyboard in Resources */,
				F157E32123B7643300C06F4B /* Assets.xcassets in Resources */,
				F157E31C23B7642000C06F4B /* Main.storyboard in Resources */,
			);
			runOnlyForDeploymentPostprocessing = 0;
		};
		F157E32823B7643300C06F4B /* Resources */ = {
			isa = PBXResourcesBuildPhase;
			buildActionMask = 2147483647;
			files = (
			);
			runOnlyForDeploymentPostprocessing = 0;
		};
		F157E33323B7643300C06F4B /* Resources */ = {
			isa = PBXResourcesBuildPhase;
			buildActionMask = 2147483647;
			files = (
			);
			runOnlyForDeploymentPostprocessing = 0;
		};
/* End PBXResourcesBuildPhase section */

/* Begin PBXSourcesBuildPhase section */
		F157E30D23B7642000C06F4B /* Sources */ = {
			isa = PBXSourcesBuildPhase;
			buildActionMask = 2147483647;
			files = (
				F157E31923B7642000C06F4B /* ViewController.swift in Sources */,
				F157E31F23B7642000C06F4B /* MusicStore.xcdatamodeld in Sources */,
				F157E31523B7642000C06F4B /* AppDelegate.swift in Sources */,
				F157E31723B7642000C06F4B /* SceneDelegate.swift in Sources */,
			);
			runOnlyForDeploymentPostprocessing = 0;
		};
		F157E32623B7643300C06F4B /* Sources */ = {
			isa = PBXSourcesBuildPhase;
			buildActionMask = 2147483647;
			files = (
				F157E32F23B7643300C06F4B /* MusicStoreTests.swift in Sources */,
			);
			runOnlyForDeploymentPostprocessing = 0;
		};
		F157E33123B7643300C06F4B /* Sources */ = {
			isa = PBXSourcesBuildPhase;
			buildActionMask = 2147483647;
			files = (
				F157E33A23B7643300C06F4B /* MusicStoreUITests.swift in Sources */,
			);
			runOnlyForDeploymentPostprocessing = 0;
		};
/* End PBXSourcesBuildPhase section */

/* Begin PBXTargetDependency section */
		F157E32C23B7643300C06F4B /* PBXTargetDependency */ = {
			isa = PBXTargetDependency;
			target = F157E31023B7642000C06F4B /* MusicStore */;
			targetProxy = F157E32B23B7643300C06F4B /* PBXContainerItemProxy */;
		};
		F157E33723B7643300C06F4B /* PBXTargetDependency */ = {
			isa = PBXTargetDependency;
			target = F157E31023B7642000C06F4B /* MusicStore */;
			targetProxy = F157E33623B7643300C06F4B /* PBXContainerItemProxy */;
		};
/* End PBXTargetDependency section */

/* Begin PBXVariantGroup section */
		F157E31A23B7642000C06F4B /* Main.storyboard */ = {
			isa = PBXVariantGroup;
			children = (
				F157E31B23B7642000C06F4B /* Base */,
			);
			name = Main.storyboard;
			sourceTree = "<group>";
		};
		F157E32223B7643300C06F4B /* LaunchScreen.storyboard */ = {
			isa = PBXVariantGroup;
			children = (
				F157E32323B7643300C06F4B /* Base */,
			);
			name = LaunchScreen.storyboard;
			sourceTree = "<group>";
		};
/* End PBXVariantGroup section */

/* Begin XCBuildConfiguration section */
		F157E33C23B7643300C06F4B /* Debug */ = {
			isa = XCBuildConfiguration;
			buildSettings = {
				ALWAYS_SEARCH_USER_PATHS = NO;
				CLANG_ANALYZER_NONNULL = YES;
				CLANG_ANALYZER_NUMBER_OBJECT_CONVERSION = YES_AGGRESSIVE;
				CLANG_CXX_LANGUAGE_STANDARD = "gnu++14";
				CLANG_CXX_LIBRARY = "libc++";
				CLANG_ENABLE_MODULES = YES;
				CLANG_ENABLE_OBJC_ARC = YES;
				CLANG_ENABLE_OBJC_WEAK = YES;
				CLANG_WARN_BLOCK_CAPTURE_AUTORELEASING = YES;
				CLANG_WARN_BOOL_CONVERSION = YES;
				CLANG_WARN_COMMA = YES;
				CLANG_WARN_CONSTANT_CONVERSION = YES;
				CLANG_WARN_DEPRECATED_OBJC_IMPLEMENTATIONS = YES;
				CLANG_WARN_DIRECT_OBJC_ISA_USAGE = YES_ERROR;
				CLANG_WARN_DOCUMENTATION_COMMENTS = YES;
				CLANG_WARN_EMPTY_BODY = YES;
				CLANG_WARN_ENUM_CONVERSION = YES;
				CLANG_WARN_INFINITE_RECURSION = YES;
				CLANG_WARN_INT_CONVERSION = YES;
				CLANG_WARN_NON_LITERAL_NULL_CONVERSION = YES;
				CLANG_WARN_OBJC_IMPLICIT_RETAIN_SELF = YES;
				CLANG_WARN_OBJC_LITERAL_CONVERSION = YES;
				CLANG_WARN_OBJC_ROOT_CLASS = YES_ERROR;
				CLANG_WARN_RANGE_LOOP_ANALYSIS = YES;
				CLANG_WARN_STRICT_PROTOTYPES = YES;
				CLANG_WARN_SUSPICIOUS_MOVE = YES;
				CLANG_WARN_UNGUARDED_AVAILABILITY = YES_AGGRESSIVE;
				CLANG_WARN_UNREACHABLE_CODE = YES;
				CLANG_WARN__DUPLICATE_METHOD_MATCH = YES;
				COPY_PHASE_STRIP = NO;
				DEBUG_INFORMATION_FORMAT = dwarf;
				ENABLE_STRICT_OBJC_MSGSEND = YES;
				ENABLE_TESTABILITY = YES;
				GCC_C_LANGUAGE_STANDARD = gnu11;
				GCC_DYNAMIC_NO_PIC = NO;
				GCC_NO_COMMON_BLOCKS = YES;
				GCC_OPTIMIZATION_LEVEL = 0;
				GCC_PREPROCESSOR_DEFINITIONS = (
					"DEBUG=1",
					"$(inherited)",
				);
				GCC_WARN_64_TO_32_BIT_CONVERSION = YES;
				GCC_WARN_ABOUT_RETURN_TYPE = YES_ERROR;
				GCC_WARN_UNDECLARED_SELECTOR = YES;
				GCC_WARN_UNINITIALIZED_AUTOS = YES_AGGRESSIVE;
				GCC_WARN_UNUSED_FUNCTION = YES;
				GCC_WARN_UNUSED_VARIABLE = YES;
				IPHONEOS_DEPLOYMENT_TARGET = 13.2;
				MTL_ENABLE_DEBUG_INFO = INCLUDE_SOURCE;
				MTL_FAST_MATH = YES;
				ONLY_ACTIVE_ARCH = YES;
				SDKROOT = iphoneos;
				SWIFT_ACTIVE_COMPILATION_CONDITIONS = DEBUG;
				SWIFT_OPTIMIZATION_LEVEL = "-Onone";
			};
			name = Debug;
		};
		F157E33D23B7643300C06F4B /* Release */ = {
			isa = XCBuildConfiguration;
			buildSettings = {
				ALWAYS_SEARCH_USER_PATHS = NO;
				CLANG_ANALYZER_NONNULL = YES;
				CLANG_ANALYZER_NUMBER_OBJECT_CONVERSION = YES_AGGRESSIVE;
				CLANG_CXX_LANGUAGE_STANDARD = "gnu++14";
				CLANG_CXX_LIBRARY = "libc++";
				CLANG_ENABLE_MODULES = YES;
				CLANG_ENABLE_OBJC_ARC = YES;
				CLANG_ENABLE_OBJC_WEAK = YES;
				CLANG_WARN_BLOCK_CAPTURE_AUTORELEASING = YES;
				CLANG_WARN_BOOL_CONVERSION = YES;
				CLANG_WARN_COMMA = YES;
				CLANG_WARN_CONSTANT_CONVERSION = YES;
				CLANG_WARN_DEPRECATED_OBJC_IMPLEMENTATIONS = YES;
				CLANG_WARN_DIRECT_OBJC_ISA_USAGE = YES_ERROR;
				CLANG_WARN_DOCUMENTATION_COMMENTS = YES;
				CLANG_WARN_EMPTY_BODY = YES;
				CLANG_WARN_ENUM_CONVERSION = YES;
				CLANG_WARN_INFINITE_RECURSION = YES;
				CLANG_WARN_INT_CONVERSION = YES;
				CLANG_WARN_NON_LITERAL_NULL_CONVERSION = YES;
				CLANG_WARN_OBJC_IMPLICIT_RETAIN_SELF = YES;
				CLANG_WARN_OBJC_LITERAL_CONVERSION = YES;
				CLANG_WARN_OBJC_ROOT_CLASS = YES_ERROR;
				CLANG_WARN_RANGE_LOOP_ANALYSIS = YES;
				CLANG_WARN_STRICT_PROTOTYPES = YES;
				CLANG_WARN_SUSPICIOUS_MOVE = YES;
				CLANG_WARN_UNGUARDED_AVAILABILITY = YES_AGGRESSIVE;
				CLANG_WARN_UNREACHABLE_CODE = YES;
				CLANG_WARN__DUPLICATE_METHOD_MATCH = YES;
				COPY_PHASE_STRIP = NO;
				DEBUG_INFORMATION_FORMAT = "dwarf-with-dsym";
				ENABLE_NS_ASSERTIONS = NO;
				ENABLE_STRICT_OBJC_MSGSEND = YES;
				GCC_C_LANGUAGE_STANDARD = gnu11;
				GCC_NO_COMMON_BLOCKS = YES;
				GCC_WARN_64_TO_32_BIT_CONVERSION = YES;
				GCC_WARN_ABOUT_RETURN_TYPE = YES_ERROR;
				GCC_WARN_UNDECLARED_SELECTOR = YES;
				GCC_WARN_UNINITIALIZED_AUTOS = YES_AGGRESSIVE;
				GCC_WARN_UNUSED_FUNCTION = YES;
				GCC_WARN_UNUSED_VARIABLE = YES;
				IPHONEOS_DEPLOYMENT_TARGET = 13.2;
				MTL_ENABLE_DEBUG_INFO = NO;
				MTL_FAST_MATH = YES;
				SDKROOT = iphoneos;
				SWIFT_COMPILATION_MODE = wholemodule;
				SWIFT_OPTIMIZATION_LEVEL = "-O";
				VALIDATE_PRODUCT = YES;
			};
			name = Release;
		};
		F157E33F23B7643300C06F4B /* Debug */ = {
			isa = XCBuildConfiguration;
			buildSettings = {
				ASSETCATALOG_COMPILER_APPICON_NAME = AppIcon;
				CODE_SIGN_STYLE = Automatic;
				INFOPLIST_FILE = MusicStore/Info.plist;
				LD_RUNPATH_SEARCH_PATHS = (
					"$(inherited)",
					"@executable_path/Frameworks",
				);
				PRODUCT_BUNDLE_IDENTIFIER = com.rnss.MusicStore;
				PRODUCT_NAME = "$(TARGET_NAME)";
				SWIFT_VERSION = 5.0;
				TARGETED_DEVICE_FAMILY = "1,2";
			};
			name = Debug;
		};
		F157E34023B7643300C06F4B /* Release */ = {
			isa = XCBuildConfiguration;
			buildSettings = {
				ASSETCATALOG_COMPILER_APPICON_NAME = AppIcon;
				CODE_SIGN_STYLE = Automatic;
				INFOPLIST_FILE = MusicStore/Info.plist;
				LD_RUNPATH_SEARCH_PATHS = (
					"$(inherited)",
					"@executable_path/Frameworks",
				);
				PRODUCT_BUNDLE_IDENTIFIER = com.rnss.MusicStore;
				PRODUCT_NAME = "$(TARGET_NAME)";
				SWIFT_VERSION = 5.0;
				TARGETED_DEVICE_FAMILY = "1,2";
			};
			name = Release;
		};
		F157E34223B7643300C06F4B /* Debug */ = {
			isa = XCBuildConfiguration;
			buildSettings = {
				ALWAYS_EMBED_SWIFT_STANDARD_LIBRARIES = YES;
				BUNDLE_LOADER = "$(TEST_HOST)";
				CODE_SIGN_STYLE = Automatic;
				INFOPLIST_FILE = MusicStoreTests/Info.plist;
				IPHONEOS_DEPLOYMENT_TARGET = 13.2;
				LD_RUNPATH_SEARCH_PATHS = (
					"$(inherited)",
					"@executable_path/Frameworks",
					"@loader_path/Frameworks",
				);
				PRODUCT_BUNDLE_IDENTIFIER = com.rnss.MusicStoreTests;
				PRODUCT_NAME = "$(TARGET_NAME)";
				SWIFT_VERSION = 5.0;
				TARGETED_DEVICE_FAMILY = "1,2";
				TEST_HOST = "$(BUILT_PRODUCTS_DIR)/MusicStore.app/MusicStore";
			};
			name = Debug;
		};
		F157E34323B7643300C06F4B /* Release */ = {
			isa = XCBuildConfiguration;
			buildSettings = {
				ALWAYS_EMBED_SWIFT_STANDARD_LIBRARIES = YES;
				BUNDLE_LOADER = "$(TEST_HOST)";
				CODE_SIGN_STYLE = Automatic;
				INFOPLIST_FILE = MusicStoreTests/Info.plist;
				IPHONEOS_DEPLOYMENT_TARGET = 13.2;
				LD_RUNPATH_SEARCH_PATHS = (
					"$(inherited)",
					"@executable_path/Frameworks",
					"@loader_path/Frameworks",
				);
				PRODUCT_BUNDLE_IDENTIFIER = com.rnss.MusicStoreTests;
				PRODUCT_NAME = "$(TARGET_NAME)";
				SWIFT_VERSION = 5.0;
				TARGETED_DEVICE_FAMILY = "1,2";
				TEST_HOST = "$(BUILT_PRODUCTS_DIR)/MusicStore.app/MusicStore";
			};
			name = Release;
		};
		F157E34523B7643300C06F4B /* Debug */ = {
			isa = XCBuildConfiguration;
			buildSettings = {
				ALWAYS_EMBED_SWIFT_STANDARD_LIBRARIES = YES;
				CODE_SIGN_STYLE = Automatic;
				INFOPLIST_FILE = MusicStoreUITests/Info.plist;
				LD_RUNPATH_SEARCH_PATHS = (
					"$(inherited)",
					"@executable_path/Frameworks",
					"@loader_path/Frameworks",
				);
				PRODUCT_BUNDLE_IDENTIFIER = com.rnss.MusicStoreUITests;
				PRODUCT_NAME = "$(TARGET_NAME)";
				SWIFT_VERSION = 5.0;
				TARGETED_DEVICE_FAMILY = "1,2";
				TEST_TARGET_NAME = MusicStore;
			};
			name = Debug;
		};
		F157E34623B7643300C06F4B /* Release */ = {
			isa = XCBuildConfiguration;
			buildSettings = {
				ALWAYS_EMBED_SWIFT_STANDARD_LIBRARIES = YES;
				CODE_SIGN_STYLE = Automatic;
				INFOPLIST_FILE = MusicStoreUITests/Info.plist;
				LD_RUNPATH_SEARCH_PATHS = (
					"$(inherited)",
					"@executable_path/Frameworks",
					"@loader_path/Frameworks",
				);
				PRODUCT_BUNDLE_IDENTIFIER = com.rnss.MusicStoreUITests;
				PRODUCT_NAME = "$(TARGET_NAME)";
				SWIFT_VERSION = 5.0;
				TARGETED_DEVICE_FAMILY = "1,2";
				TEST_TARGET_NAME = MusicStore;
			};
			name = Release;
		};
/* End XCBuildConfiguration section */

/* Begin XCConfigurationList section */
		F157E30C23B7642000C06F4B /* Build configuration list for PBXProject "MusicStore" */ = {
			isa = XCConfigurationList;
			buildConfigurations = (
				F157E33C23B7643300C06F4B /* Debug */,
				F157E33D23B7643300C06F4B /* Release */,
			);
			defaultConfigurationIsVisible = 0;
			defaultConfigurationName = Release;
		};
		F157E33E23B7643300C06F4B /* Build configuration list for PBXNativeTarget "MusicStore" */ = {
			isa = XCConfigurationList;
			buildConfigurations = (
				F157E33F23B7643300C06F4B /* Debug */,
				F157E34023B7643300C06F4B /* Release */,
			);
			defaultConfigurationIsVisible = 0;
			defaultConfigurationName = Release;
		};
		F157E34123B7643300C06F4B /* Build configuration list for PBXNativeTarget "MusicStoreTests" */ = {
			isa = XCConfigurationList;
			buildConfigurations = (
				F157E34223B7643300C06F4B /* Debug */,
				F157E34323B7643300C06F4B /* Release */,
			);
			defaultConfigurationIsVisible = 0;
			defaultConfigurationName = Release;
		};
		F157E34423B7643300C06F4B /* Build configuration list for PBXNativeTarget "MusicStoreUITests" */ = {
			isa = XCConfigurationList;
			buildConfigurations = (
				F157E34523B7643300C06F4B /* Debug */,
				F157E34623B7643300C06F4B /* Release */,
			);
			defaultConfigurationIsVisible = 0;
			defaultConfigurationName = Release;
		};
/* End XCConfigurationList section */

/* Begin XCVersionGroup section */
		F157E31D23B7642000C06F4B /* MusicStore.xcdatamodeld */ = {
			isa = XCVersionGroup;
			children = (
				F157E31E23B7642000C06F4B /* MusicStore.xcdatamodel */,
			);
			currentVersion = F157E31E23B7642000C06F4B /* MusicStore.xcdatamodel */;
			path = MusicStore.xcdatamodeld;
			sourceTree = "<group>";
			versionGroupType = wrapper.xcdatamodel;
		};
/* End XCVersionGroup section */
	};
	rootObject = F157E30923B7642000C06F4B /* Project object */;
}
